
Microsoft Visual Studio Solution File, Format Version 12.00
# Visual Studio Version 16
VisualStudioVersion = 16.0.30011.22
MinimumVisualStudioVersion = 10.0.40219.1
Project("{9A19103F-16F7-4668-BE54-9A1E7A4F7556}") = "AskAppMVC6.DAL", "AskAppMVC6.DAL\AskAppMVC6.DAL.csproj", "{A65FA3BB-088C-4739-A1AF-25AE95000F38}"
EndProject
Project("{2150E333-8FDC-42A3-9474-1A3956D46DE8}") = "DAL", "DAL", "{78A28B3E-A3C6-4C0E-A944-504029E59B3B}"
EndProject
Project("{9A19103F-16F7-4668-BE54-9A1E7A4F7556}") = "AskAppMVC6.DAL.Tests", "AskAppMVC6.DAL.Tests\AskAppMVC6.DAL.Tests.csproj", "{FBE3C41C-1D17-460C-8C13-9E6E332C97DC}"
EndProject
Project("{2150E333-8FDC-42A3-9474-1A3956D46DE8}") = "Common", "Common", "{5607DC03-D446-4062-B591-441A175FDDF6}"
EndProject
Project("{9A19103F-16F7-4668-BE54-9A1E7A4F7556}") = "AskAppMVC6.Common", "AskAppMVC6.Common\AskAppMVC6.Common.csproj", "{5264BC57-C87F-45B1-B242-BFCCB1F30BF9}"
EndProject
Project("{2150E333-8FDC-42A3-9474-1A3956D46DE8}") = "BL", "BL", "{7CCDC9CF-8240-4F02-A43B-D7B0E7CC8C84}"
EndProject
Project("{FAE04EC0-301F-11D3-BF4B-00C04F79EFBC}") = "AskAppMVC6.BL", "AskAppMVC6.BL\AskAppMVC6.BL.csproj", "{35023FBC-0C51-4B93-98B2-F08C3EDEF64D}"
EndProject
Project("{FAE04EC0-301F-11D3-BF4B-00C04F79EFBC}") = "AskAppMVC6.BL.Tests", "AskAppMVC6.BL.Tests\AskAppMVC6.BL.Tests.csproj", "{884DB9A5-E2C3-4FFF-95B7-951E5516C31B}"
EndProject
Global
	GlobalSection(SolutionConfigurationPlatforms) = preSolution
		Debug|Any CPU = Debug|Any CPU
		Release|Any CPU = Release|Any CPU
	EndGlobalSection
	GlobalSection(ProjectConfigurationPlatforms) = postSolution
		{A65FA3BB-088C-4739-A1AF-25AE95000F38}.Debug|Any CPU.ActiveCfg = Debug|Any CPU
		{A65FA3BB-088C-4739-A1AF-25AE95000F38}.Debug|Any CPU.Build.0 = Debug|Any CPU
		{A65FA3BB-088C-4739-A1AF-25AE95000F38}.Release|Any CPU.ActiveCfg = Release|Any CPU
		{A65FA3BB-088C-4739-A1AF-25AE95000F38}.Release|Any CPU.Build.0 = Release|Any CPU
		{FBE3C41C-1D17-460C-8C13-9E6E332C97DC}.Debug|Any CPU.ActiveCfg = Debug|Any CPU
		{FBE3C41C-1D17-460C-8C13-9E6E332C97DC}.Debug|Any CPU.Build.0 = Debug|Any CPU
		{FBE3C41C-1D17-460C-8C13-9E6E332C97DC}.Release|Any CPU.ActiveCfg = Release|Any CPU
		{FBE3C41C-1D17-460C-8C13-9E6E332C97DC}.Release|Any CPU.Build.0 = Release|Any CPU
		{5264BC57-C87F-45B1-B242-BFCCB1F30BF9}.Debug|Any CPU.ActiveCfg = Debug|Any CPU
		{5264BC57-C87F-45B1-B242-BFCCB1F30BF9}.Debug|Any CPU.Build.0 = Debug|Any CPU
		{5264BC57-C87F-45B1-B242-BFCCB1F30BF9}.Release|Any CPU.ActiveCfg = Release|Any CPU
		{5264BC57-C87F-45B1-B242-BFCCB1F30BF9}.Release|Any CPU.Build.0 = Release|Any CPU
		{35023FBC-0C51-4B93-98B2-F08C3EDEF64D}.Debug|Any CPU.ActiveCfg = Debug|Any CPU
		{35023FBC-0C51-4B93-98B2-F08C3EDEF64D}.Debug|Any CPU.Build.0 = Debug|Any CPU
		{35023FBC-0C51-4B93-98B2-F08C3EDEF64D}.Release|Any CPU.ActiveCfg = Release|Any CPU
		{35023FBC-0C51-4B93-98B2-F08C3EDEF64D}.Release|Any CPU.Build.0 = Release|Any CPU
		{884DB9A5-E2C3-4FFF-95B7-951E5516C31B}.Debug|Any CPU.ActiveCfg = Debug|Any CPU
		{884DB9A5-E2C3-4FFF-95B7-951E5516C31B}.Debug|Any CPU.Build.0 = Debug|Any CPU
		{884DB9A5-E2C3-4FFF-95B7-951E5516C31B}.Release|Any CPU.ActiveCfg = Release|Any CPU
		{884DB9A5-E2C3-4FFF-95B7-951E5516C31B}.Release|Any CPU.Build.0 = Release|Any CPU
	EndGlobalSection
	GlobalSection(SolutionProperties) = preSolution
		HideSolutionNode = FALSE
	EndGlobalSection
	GlobalSection(NestedProjects) = preSolution
		{A65FA3BB-088C-4739-A1AF-25AE95000F38} = {78A28B3E-A3C6-4C0E-A944-504029E59B3B}
		{FBE3C41C-1D17-460C-8C13-9E6E332C97DC} = {78A28B3E-A3C6-4C0E-A944-504029E59B3B}
		{5264BC57-C87F-45B1-B242-BFCCB1F30BF9} = {5607DC03-D446-4062-B591-441A175FDDF6}
		{35023FBC-0C51-4B93-98B2-F08C3EDEF64D} = {7CCDC9CF-8240-4F02-A43B-D7B0E7CC8C84}
		{884DB9A5-E2C3-4FFF-95B7-951E5516C31B} = {7CCDC9CF-8240-4F02-A43B-D7B0E7CC8C84}
	EndGlobalSection
	GlobalSection(ExtensibilityGlobals) = postSolution
		SolutionGuid = {30835D9B-1503-4774-9B8C-3E5FFB41E33D}
	EndGlobalSection
EndGlobal
